// !$*UTF8*$!
{
	archiveVersion = 1;
	classes = {
	};
	objectVersion = 50;
	objects = {

/* Begin PBXBuildFile section */
		150F8C3A25D69F3A006B2BFF /* AppDelegate.swift in Sources */ = {isa = PBXBuildFile; fileRef = 150F8C3925D69F3A006B2BFF /* AppDelegate.swift */; };
		150F8C3C25D69F3A006B2BFF /* SceneDelegate.swift in Sources */ = {isa = PBXBuildFile; fileRef = 150F8C3B25D69F3A006B2BFF /* SceneDelegate.swift */; };
		150F8C3E25D69F3A006B2BFF /* ViewController.swift in Sources */ = {isa = PBXBuildFile; fileRef = 150F8C3D25D69F3A006B2BFF /* ViewController.swift */; };
		150F8C4125D69F3A006B2BFF /* Main.storyboard in Resources */ = {isa = PBXBuildFile; fileRef = 150F8C3F25D69F3A006B2BFF /* Main.storyboard */; };
		150F8C4325D69F3B006B2BFF /* Assets.xcassets in Resources */ = {isa = PBXBuildFile; fileRef = 150F8C4225D69F3B006B2BFF /* Assets.xcassets */; };
		150F8C4625D69F3B006B2BFF /* LaunchScreen.storyboard in Resources */ = {isa = PBXBuildFile; fileRef = 150F8C4425D69F3B006B2BFF /* LaunchScreen.storyboard */; };
		150F8CBE25D6B318006B2BFF /* TSpopddemoView.swift in Sources */ = {isa = PBXBuildFile; fileRef = 150F8CBD25D6B318006B2BFF /* TSpopddemoView.swift */; };
		152799B825DA51E000FDE360 /* NewClass.swift in Sources */ = {isa = PBXBuildFile; fileRef = 152799B725DA51E000FDE360 /* NewClass.swift */; };
		152799CA25DA601700FDE360 /* TSpoddemo.swift in Sources */ = {isa = PBXBuildFile; fileRef = 152799C925DA601700FDE360 /* TSpoddemo.swift */; };
/* End PBXBuildFile section */

/* Begin PBXFileReference section */
		150F8C3625D69F3A006B2BFF /* TSpoddemo.app */ = {isa = PBXFileReference; explicitFileType = wrapper.application; includeInIndex = 0; path = TSpoddemo.app; sourceTree = BUILT_PRODUCTS_DIR; };
		150F8C3925D69F3A006B2BFF /* AppDelegate.swift */ = {isa = PBXFileReference; lastKnownFileType = sourcecode.swift; path = AppDelegate.swift; sourceTree = "<group>"; };
		150F8C3B25D69F3A006B2BFF /* SceneDelegate.swift */ = {isa = PBXFileReference; lastKnownFileType = sourcecode.swift; path = SceneDelegate.swift; sourceTree = "<group>"; };
		150F8C3D25D69F3A006B2BFF /* ViewController.swift */ = {isa = PBXFileReference; lastKnownFileType = sourcecode.swift; path = ViewController.swift; sourceTree = "<group>"; };
		150F8C4025D69F3A006B2BFF /* Base */ = {isa = PBXFileReference; lastKnownFileType = file.storyboard; name = Base; path = Base.lproj/Main.storyboard; sourceTree = "<group>"; };
		150F8C4225D69F3B006B2BFF /* Assets.xcassets */ = {isa = PBXFileReference; lastKnownFileType = folder.assetcatalog; path = Assets.xcassets; sourceTree = "<group>"; };
		150F8C4525D69F3B006B2BFF /* Base */ = {isa = PBXFileReference; lastKnownFileType = file.storyboard; name = Base; path = Base.lproj/LaunchScreen.storyboard; sourceTree = "<group>"; };
		150F8C4725D69F3B006B2BFF /* Info.plist */ = {isa = PBXFileReference; lastKnownFileType = text.plist.xml; path = Info.plist; sourceTree = "<group>"; };
		150F8CBD25D6B318006B2BFF /* TSpopddemoView.swift */ = {isa = PBXFileReference; lastKnownFileType = sourcecode.swift; path = TSpopddemoView.swift; sourceTree = "<group>"; };
		152799B725DA51E000FDE360 /* NewClass.swift */ = {isa = PBXFileReference; lastKnownFileType = sourcecode.swift; path = NewClass.swift; sourceTree = "<group>"; };
		152799C925DA601700FDE360 /* TSpoddemo.swift */ = {isa = PBXFileReference; lastKnownFileType = sourcecode.swift; path = TSpoddemo.swift; sourceTree = "<group>"; };
/* End PBXFileReference section */

/* Begin PBXFrameworksBuildPhase section */
		150F8C3325D69F3A006B2BFF /* Frameworks */ = {
			isa = PBXFrameworksBuildPhase;
			buildActionMask = 2147483647;
			files = (
			);
			runOnlyForDeploymentPostprocessing = 0;
		};
/* End PBXFrameworksBuildPhase section */

/* Begin PBXGroup section */
		150F8C2D25D69F3A006B2BFF = {
			isa = PBXGroup;
			children = (
				150F8C3825D69F3A006B2BFF /* TSpoddemo */,
				150F8C3725D69F3A006B2BFF /* Products */,
			);
			sourceTree = "<group>";
		};
		150F8C3725D69F3A006B2BFF /* Products */ = {
			isa = PBXGroup;
			children = (
				150F8C3625D69F3A006B2BFF /* TSpoddemo.app */,
			);
			name = Products;
			sourceTree = "<group>";
		};
		150F8C3825D69F3A006B2BFF /* TSpoddemo */ = {
			isa = PBXGroup;
			children = (
				150F8C3925D69F3A006B2BFF /* AppDelegate.swift */,
				150F8C3B25D69F3A006B2BFF /* SceneDelegate.swift */,
				150F8C3D25D69F3A006B2BFF /* ViewController.swift */,
				150F8C3F25D69F3A006B2BFF /* Main.storyboard */,
				150F8C4225D69F3B006B2BFF /* Assets.xcassets */,
				150F8C4425D69F3B006B2BFF /* LaunchScreen.storyboard */,
				150F8C4725D69F3B006B2BFF /* Info.plist */,
				150F8CBD25D6B318006B2BFF /* TSpopddemoView.swift */,
				152799B725DA51E000FDE360 /* NewClass.swift */,
				152799C925DA601700FDE360 /* TSpoddemo.swift */,
			);
			path = TSpoddemo;
			sourceTree = "<group>";
		};
/* End PBXGroup section */

/* Begin PBXNativeTarget section */
		150F8C3525D69F3A006B2BFF /* TSpoddemo */ = {
			isa = PBXNativeTarget;
			buildConfigurationList = 150F8C4A25D69F3B006B2BFF /* Build configuration list for PBXNativeTarget "TSpoddemo" */;
			buildPhases = (
				150F8C3225D69F3A006B2BFF /* Sources */,
				150F8C3325D69F3A006B2BFF /* Frameworks */,
				150F8C3425D69F3A006B2BFF /* Resources */,
			);
			buildRules = (
			);
			dependencies = (
			);
			name = TSpoddemo;
			productName = TSpoddemo;
			productReference = 150F8C3625D69F3A006B2BFF /* TSpoddemo.app */;
			productType = "com.apple.product-type.application";
		};
/* End PBXNativeTarget section */

/* Begin PBXProject section */
		150F8C2E25D69F3A006B2BFF /* Project object */ = {
			isa = PBXProject;
			attributes = {
				LastSwiftUpdateCheck = 1240;
				LastUpgradeCheck = 1240;
				TargetAttributes = {
					150F8C3525D69F3A006B2BFF = {
						CreatedOnToolsVersion = 12.4;
					};
				};
			};
			buildConfigurationList = 150F8C3125D69F3A006B2BFF /* Build configuration list for PBXProject "TSpoddemo" */;
			compatibilityVersion = "Xcode 9.3";
			developmentRegion = en;
			hasScannedForEncodings = 0;
			knownRegions = (
				en,
				Base,
			);
			mainGroup = 150F8C2D25D69F3A006B2BFF;
			productRefGroup = 150F8C3725D69F3A006B2BFF /* Products */;
			projectDirPath = "";
			projectRoot = "";
			targets = (
				150F8C3525D69F3A006B2BFF /* TSpoddemo */,
			);
		};
/* End PBXProject section */

/* Begin PBXResourcesBuildPhase section */
		150F8C3425D69F3A006B2BFF /* Resources */ = {
			isa = PBXResourcesBuildPhase;
			buildActionMask = 2147483647;
			files = (
				150F8C4625D69F3B006B2BFF /* LaunchScreen.storyboard in Resources */,
				150F8C4325D69F3B006B2BFF /* Assets.xcassets in Resources */,
				150F8C4125D69F3A006B2BFF /* Main.storyboard in Resources */,
			);
			runOnlyForDeploymentPostprocessing = 0;
		};
/* End PBXResourcesBuildPhase section */

/* Begin PBXSourcesBuildPhase section */
		150F8C3225D69F3A006B2BFF /* Sources */ = {
			isa = PBXSourcesBuildPhase;
			buildActionMask = 2147483647;
			files = (
				150F8C3E25D69F3A006B2BFF /* ViewController.swift in Sources */,
				150F8CBE25D6B318006B2BFF /* TSpopddemoView.swift in Sources */,
				150F8C3A25D69F3A006B2BFF /* AppDelegate.swift in Sources */,
				152799CA25DA601700FDE360 /* TSpoddemo.swift in Sources */,
				152799B825DA51E000FDE360 /* NewClass.swift in Sources */,
				150F8C3C25D69F3A006B2BFF /* SceneDelegate.swift in Sources */,
			);
			runOnlyForDeploymentPostprocessing = 0;
		};
/* End PBXSourcesBuildPhase section */

/* Begin PBXVariantGroup section */
		150F8C3F25D69F3A006B2BFF /* Main.storyboard */ = {
			isa = PBXVariantGroup;
			children = (
				150F8C4025D69F3A006B2BFF /* Base */,
			);
			name = Main.storyboard;
			sourceTree = "<group>";
		};
		150F8C4425D69F3B006B2BFF /* LaunchScreen.storyboard */ = {
			isa = PBXVariantGroup;
			children = (
				150F8C4525D69F3B006B2BFF /* Base */,
			);
			name = LaunchScreen.storyboard;
			sourceTree = "<group>";
		};
/* End PBXVariantGroup section */

/* Begin XCBuildConfiguration section */
		150F8C4825D69F3B006B2BFF /* Debug */ = {
			isa = XCBuildConfiguration;
			buildSettings = {
				ALWAYS_SEARCH_USER_PATHS = NO;
				CLANG_ANALYZER_NONNULL = YES;
				CLANG_ANALYZER_NUMBER_OBJECT_CONVERSION = YES_AGGRESSIVE;
				CLANG_CXX_LANGUAGE_STANDARD = "gnu++14";
				CLANG_CXX_LIBRARY = "libc++";
				CLANG_ENABLE_MODULES = YES;
				CLANG_ENABLE_OBJC_ARC = YES;
				CLANG_ENABLE_OBJC_WEAK = YES;
				CLANG_WARN_BLOCK_CAPTURE_AUTORELEASING = YES;
				CLANG_WARN_BOOL_CONVERSION = YES;
				CLANG_WARN_COMMA = YES;
				CLANG_WARN_CONSTANT_CONVERSION = YES;
				CLANG_WARN_DEPRECATED_OBJC_IMPLEMENTATIONS = YES;
				CLANG_WARN_DIRECT_OBJC_ISA_USAGE = YES_ERROR;
				CLANG_WARN_DOCUMENTATION_COMMENTS = YES;
				CLANG_WARN_EMPTY_BODY = YES;
				CLANG_WARN_ENUM_CONVERSION = YES;
				CLANG_WARN_INFINITE_RECURSION = YES;
				CLANG_WARN_INT_CONVERSION = YES;
				CLANG_WARN_NON_LITERAL_NULL_CONVERSION = YES;
				CLANG_WARN_OBJC_IMPLICIT_RETAIN_SELF = YES;
				CLANG_WARN_OBJC_LITERAL_CONVERSION = YES;
				CLANG_WARN_OBJC_ROOT_CLASS = YES_ERROR;
				CLANG_WARN_QUOTED_INCLUDE_IN_FRAMEWORK_HEADER = YES;
				CLANG_WARN_RANGE_LOOP_ANALYSIS = YES;
				CLANG_WARN_STRICT_PROTOTYPES = YES;
				CLANG_WARN_SUSPICIOUS_MOVE = YES;
				CLANG_WARN_UNGUARDED_AVAILABILITY = YES_AGGRESSIVE;
				CLANG_WARN_UNREACHABLE_CODE = YES;
				CLANG_WARN__DUPLICATE_METHOD_MATCH = YES;
				COPY_PHASE_STRIP = NO;
				DEBUG_INFORMATION_FORMAT = dwarf;
				ENABLE_STRICT_OBJC_MSGSEND = YES;
				ENABLE_TESTABILITY = YES;
				GCC_C_LANGUAGE_STANDARD = gnu11;
				GCC_DYNAMIC_NO_PIC = NO;
				GCC_NO_COMMON_BLOCKS = YES;
				GCC_OPTIMIZATION_LEVEL = 0;
				GCC_PREPROCESSOR_DEFINITIONS = (
					"DEBUG=1",
					"$(inherited)",
				);
				GCC_WARN_64_TO_32_BIT_CONVERSION = YES;
				GCC_WARN_ABOUT_RETURN_TYPE = YES_ERROR;
				GCC_WARN_UNDECLARED_SELECTOR = YES;
				GCC_WARN_UNINITIALIZED_AUTOS = YES_AGGRESSIVE;
				GCC_WARN_UNUSED_FUNCTION = YES;
				GCC_WARN_UNUSED_VARIABLE = YES;
				IPHONEOS_DEPLOYMENT_TARGET = 14.4;
				MTL_ENABLE_DEBUG_INFO = INCLUDE_SOURCE;
				MTL_FAST_MATH = YES;
				ONLY_ACTIVE_ARCH = YES;
				SDKROOT = iphoneos;
				SWIFT_ACTIVE_COMPILATION_CONDITIONS = DEBUG;
				SWIFT_OPTIMIZATION_LEVEL = "-Onone";
			};
			name = Debug;
		};
		150F8C4925D69F3B006B2BFF /* Release */ = {
			isa = XCBuildConfiguration;
			buildSettings = {
				ALWAYS_SEARCH_USER_PATHS = NO;
				CLANG_ANALYZER_NONNULL = YES;
				CLANG_ANALYZER_NUMBER_OBJECT_CONVERSION = YES_AGGRESSIVE;
				CLANG_CXX_LANGUAGE_STANDARD = "gnu++14";
				CLANG_CXX_LIBRARY = "libc++";
				CLANG_ENABLE_MODULES = YES;
				CLANG_ENABLE_OBJC_ARC = YES;
				CLANG_ENABLE_OBJC_WEAK = YES;
				CLANG_WARN_BLOCK_CAPTURE_AUTORELEASING = YES;
				CLANG_WARN_BOOL_CONVERSION = YES;
				CLANG_WARN_COMMA = YES;
				CLANG_WARN_CONSTANT_CONVERSION = YES;
				CLANG_WARN_DEPRECATED_OBJC_IMPLEMENTATIONS = YES;
				CLANG_WARN_DIRECT_OBJC_ISA_USAGE = YES_ERROR;
				CLANG_WARN_DOCUMENTATION_COMMENTS = YES;
				CLANG_WARN_EMPTY_BODY = YES;
				CLANG_WARN_ENUM_CONVERSION = YES;
				CLANG_WARN_INFINITE_RECURSION = YES;
				CLANG_WARN_INT_CONVERSION = YES;
				CLANG_WARN_NON_LITERAL_NULL_CONVERSION = YES;
				CLANG_WARN_OBJC_IMPLICIT_RETAIN_SELF = YES;
				CLANG_WARN_OBJC_LITERAL_CONVERSION = YES;
				CLANG_WARN_OBJC_ROOT_CLASS = YES_ERROR;
				CLANG_WARN_QUOTED_INCLUDE_IN_FRAMEWORK_HEADER = YES;
				CLANG_WARN_RANGE_LOOP_ANALYSIS = YES;
				CLANG_WARN_STRICT_PROTOTYPES = YES;
				CLANG_WARN_SUSPICIOUS_MOVE = YES;
				CLANG_WARN_UNGUARDED_AVAILABILITY = YES_AGGRESSIVE;
				CLANG_WARN_UNREACHABLE_CODE = YES;
				CLANG_WARN__DUPLICATE_METHOD_MATCH = YES;
				COPY_PHASE_STRIP = NO;
				DEBUG_INFORMATION_FORMAT = "dwarf-with-dsym";
				ENABLE_NS_ASSERTIONS = NO;
				ENABLE_STRICT_OBJC_MSGSEND = YES;
				GCC_C_LANGUAGE_STANDARD = gnu11;
				GCC_NO_COMMON_BLOCKS = YES;
				GCC_WARN_64_TO_32_BIT_CONVERSION = YES;
				GCC_WARN_ABOUT_RETURN_TYPE = YES_ERROR;
				GCC_WARN_UNDECLARED_SELECTOR = YES;
				GCC_WARN_UNINITIALIZED_AUTOS = YES_AGGRESSIVE;
				GCC_WARN_UNUSED_FUNCTION = YES;
				GCC_WARN_UNUSED_VARIABLE = YES;
				IPHONEOS_DEPLOYMENT_TARGET = 14.4;
				MTL_ENABLE_DEBUG_INFO = NO;
				MTL_FAST_MATH = YES;
				SDKROOT = iphoneos;
				SWIFT_COMPILATION_MODE = wholemodule;
				SWIFT_OPTIMIZATION_LEVEL = "-O";
				VALIDATE_PRODUCT = YES;
			};
			name = Release;
		};
		150F8C4B25D69F3B006B2BFF /* Debug */ = {
			isa = XCBuildConfiguration;
			buildSettings = {
				ASSETCATALOG_COMPILER_APPICON_NAME = AppIcon;
				ASSETCATALOG_COMPILER_GLOBAL_ACCENT_COLOR_NAME = AccentColor;
				CODE_SIGN_STYLE = Automatic;
				INFOPLIST_FILE = TSpoddemo/Info.plist;
				LD_RUNPATH_SEARCH_PATHS = (
					"$(inherited)",
					"@executable_path/Frameworks",
				);
				PRODUCT_BUNDLE_IDENTIFIER = com.admin.TSpoddemo;
				PRODUCT_NAME = "$(TARGET_NAME)";
				SWIFT_VERSION = 5.0;
				TARGETED_DEVICE_FAMILY = "1,2";
			};
			name = Debug;
		};
		150F8C4C25D69F3B006B2BFF /* Release */ = {
			isa = XCBuildConfiguration;
			buildSettings = {
				ASSETCATALOG_COMPILER_APPICON_NAME = AppIcon;
				ASSETCATALOG_COMPILER_GLOBAL_ACCENT_COLOR_NAME = AccentColor;
				CODE_SIGN_STYLE = Automatic;
				INFOPLIST_FILE = TSpoddemo/Info.plist;
				LD_RUNPATH_SEARCH_PATHS = (
					"$(inherited)",
					"@executable_path/Frameworks",
				);
				PRODUCT_BUNDLE_IDENTIFIER = com.admin.TSpoddemo;
				PRODUCT_NAME = "$(TARGET_NAME)";
				SWIFT_VERSION = 5.0;
				TARGETED_DEVICE_FAMILY = "1,2";
			};
			name = Release;
		};
/* End XCBuildConfiguration section */

/* Begin XCConfigurationList section */
		150F8C3125D69F3A006B2BFF /* Build configuration list for PBXProject "TSpoddemo" */ = {
			isa = XCConfigurationList;
			buildConfigurations = (
				150F8C4825D69F3B006B2BFF /* Debug */,
				150F8C4925D69F3B006B2BFF /* Release */,
			);
			defaultConfigurationIsVisible = 0;
			defaultConfigurationName = Release;
		};
		150F8C4A25D69F3B006B2BFF /* Build configuration list for PBXNativeTarget "TSpoddemo" */ = {
			isa = XCConfigurationList;
			buildConfigurations = (
				150F8C4B25D69F3B006B2BFF /* Debug */,
				150F8C4C25D69F3B006B2BFF /* Release */,
			);
			defaultConfigurationIsVisible = 0;
			defaultConfigurationName = Release;
		};
/* End XCConfigurationList section */
	};
	rootObject = 150F8C2E25D69F3A006B2BFF /* Project object */;
}
